
Microsoft Visual Studio Solution File, Format Version 12.00
# Visual Studio Version 17
VisualStudioVersion = 17.7.34202.233
MinimumVisualStudioVersion = 10.0.40219.1
Project("{FAE04EC0-301F-11D3-BF4B-00C04F79EFBC}") = "Assignment1", "Assignment1.csproj", "{414DFF1A-8624-487D-983D-52F86BEDCF40}"
EndProject
Global
	GlobalSection(SolutionConfigurationPlatforms) = preSolution
		Debug|Any CPU = Debug|Any CPU
		Release|Any CPU = Release|Any CPU
	EndGlobalSection
	GlobalSection(ProjectConfigurationPlatforms) = postSolution
		{414DFF1A-8624-487D-983D-52F86BEDCF40}.Debug|Any CPU.ActiveCfg = Debug|Any CPU
		{414DFF1A-8624-487D-983D-52F86BEDCF40}.Debug|Any CPU.Build.0 = Debug|Any CPU
		{414DFF1A-8624-487D-983D-52F86BEDCF40}.Release|Any CPU.ActiveCfg = Release|Any CPU
		{414DFF1A-8624-487D-983D-52F86BEDCF40}.Release|Any CPU.Build.0 = Release|Any CPU
	EndGlobalSection
	GlobalSection(SolutionProperties) = preSolution
		HideSolutionNode = FALSE
	EndGlobalSection
	GlobalSection(ExtensibilityGlobals) = postSolution
		SolutionGuid = {E9075973-1FFC-45C1-894B-1368827B9E49}
	EndGlobalSection
EndGlobal
