
Microsoft Visual Studio Solution File, Format Version 12.00
# Visual Studio Version 17
VisualStudioVersion = 17.7.34202.233
MinimumVisualStudioVersion = 10.0.40219.1
Project("{FAE04EC0-301F-11D3-BF4B-00C04F79EFBC}") = "Assignment", "Assignment.csproj", "{CA7E84FD-BB83-4E42-8B57-C6C833463B1E}"
EndProject
Global
	GlobalSection(SolutionConfigurationPlatforms) = preSolution
		Debug|Any CPU = Debug|Any CPU
		Release|Any CPU = Release|Any CPU
	EndGlobalSection
	GlobalSection(ProjectConfigurationPlatforms) = postSolution
		{CA7E84FD-BB83-4E42-8B57-C6C833463B1E}.Debug|Any CPU.ActiveCfg = Debug|Any CPU
		{CA7E84FD-BB83-4E42-8B57-C6C833463B1E}.Debug|Any CPU.Build.0 = Debug|Any CPU
		{CA7E84FD-BB83-4E42-8B57-C6C833463B1E}.Release|Any CPU.ActiveCfg = Release|Any CPU
		{CA7E84FD-BB83-4E42-8B57-C6C833463B1E}.Release|Any CPU.Build.0 = Release|Any CPU
	EndGlobalSection
	GlobalSection(SolutionProperties) = preSolution
		HideSolutionNode = FALSE
	EndGlobalSection
	GlobalSection(ExtensibilityGlobals) = postSolution
		SolutionGuid = {47FF1DBC-CE07-4DD6-B2A9-CDB13F56604A}
	EndGlobalSection
EndGlobal
